
Microsoft Visual Studio Solution File, Format Version 12.00
# Visual Studio 15
VisualStudioVersion = 15.0.28010.2041
MinimumVisualStudioVersion = 10.0.40219.1
Project("{9A19103F-16F7-4668-BE54-9A1E7A4F7556}") = "CourseRegistration", "CourseRegistration.csproj", "{331286AD-3A3D-4C0E-9217-6E97012F632A}"
EndProject
Project("{FAE04EC0-301F-11D3-BF4B-00C04F79EFBC}") = "CourseRegistration.Tests", "..\CourseRegistration.Tests\CourseRegistration.Tests.csproj", "{2F4734DD-1705-4504-A44F-9A1047AC663F}"
EndProject
Global
	GlobalSection(SolutionConfigurationPlatforms) = preSolution
		Debug|Any CPU = Debug|Any CPU
		Release|Any CPU = Release|Any CPU
	EndGlobalSection
	GlobalSection(ProjectConfigurationPlatforms) = postSolution
		{331286AD-3A3D-4C0E-9217-6E97012F632A}.Debug|Any CPU.ActiveCfg = Debug|Any CPU
		{331286AD-3A3D-4C0E-9217-6E97012F632A}.Debug|Any CPU.Build.0 = Debug|Any CPU
		{331286AD-3A3D-4C0E-9217-6E97012F632A}.Release|Any CPU.ActiveCfg = Release|Any CPU
		{331286AD-3A3D-4C0E-9217-6E97012F632A}.Release|Any CPU.Build.0 = Release|Any CPU
		{2F4734DD-1705-4504-A44F-9A1047AC663F}.Debug|Any CPU.ActiveCfg = Debug|Any CPU
		{2F4734DD-1705-4504-A44F-9A1047AC663F}.Debug|Any CPU.Build.0 = Debug|Any CPU
		{2F4734DD-1705-4504-A44F-9A1047AC663F}.Release|Any CPU.ActiveCfg = Release|Any CPU
		{2F4734DD-1705-4504-A44F-9A1047AC663F}.Release|Any CPU.Build.0 = Release|Any CPU
	EndGlobalSection
	GlobalSection(SolutionProperties) = preSolution
		HideSolutionNode = FALSE
	EndGlobalSection
	GlobalSection(ExtensibilityGlobals) = postSolution
		SolutionGuid = {3BA1A93C-071E-4F38-9EAE-AFF01B4E2EB3}
	EndGlobalSection
EndGlobal
